
Microsoft Visual Studio Solution File, Format Version 12.00
# Visual Studio Version 17
VisualStudioVersion = 17.0.32112.339
MinimumVisualStudioVersion = 10.0.40219.1
Project("{FAE04EC0-301F-11D3-BF4B-00C04F79EFBC}") = "Lydbygger-1", "Lydbygger-1\Lydbygger-1.csproj", "{490F08E8-77FB-4167-B3BF-97B2E3D18A00}"
EndProject
Project("{FAE04EC0-301F-11D3-BF4B-00C04F79EFBC}") = "UnitTests", "UnitTests\UnitTests.csproj", "{D7DF45A0-3E9D-4F44-8133-7B36B98ABC0D}"
EndProject
Project("{FAE04EC0-301F-11D3-BF4B-00C04F79EFBC}") = "LydByggerLicenseGenerator", "LydByggerLicenseGenerator\LydByggerLicenseGenerator.csproj", "{8ECAD83E-A3BA-428C-862D-C4777CA606DE}"
EndProject
Global
	GlobalSection(SolutionConfigurationPlatforms) = preSolution
		Debug|Any CPU = Debug|Any CPU
		Debug|Mixed Platforms = Debug|Mixed Platforms
		Debug|x86 = Debug|x86
		Release|Any CPU = Release|Any CPU
		Release|Mixed Platforms = Release|Mixed Platforms
		Release|x86 = Release|x86
	EndGlobalSection
	GlobalSection(ProjectConfigurationPlatforms) = postSolution
		{490F08E8-77FB-4167-B3BF-97B2E3D18A00}.Debug|Any CPU.ActiveCfg = Debug|Any CPU
		{490F08E8-77FB-4167-B3BF-97B2E3D18A00}.Debug|Any CPU.Build.0 = Debug|Any CPU
		{490F08E8-77FB-4167-B3BF-97B2E3D18A00}.Debug|Mixed Platforms.ActiveCfg = Debug|Any CPU
		{490F08E8-77FB-4167-B3BF-97B2E3D18A00}.Debug|Mixed Platforms.Build.0 = Debug|Any CPU
		{490F08E8-77FB-4167-B3BF-97B2E3D18A00}.Debug|x86.ActiveCfg = Debug|Any CPU
		{490F08E8-77FB-4167-B3BF-97B2E3D18A00}.Release|Any CPU.ActiveCfg = Release|Any CPU
		{490F08E8-77FB-4167-B3BF-97B2E3D18A00}.Release|Any CPU.Build.0 = Release|Any CPU
		{490F08E8-77FB-4167-B3BF-97B2E3D18A00}.Release|Mixed Platforms.ActiveCfg = Release|Any CPU
		{490F08E8-77FB-4167-B3BF-97B2E3D18A00}.Release|Mixed Platforms.Build.0 = Release|Any CPU
		{490F08E8-77FB-4167-B3BF-97B2E3D18A00}.Release|x86.ActiveCfg = Release|Any CPU
		{D7DF45A0-3E9D-4F44-8133-7B36B98ABC0D}.Debug|Any CPU.ActiveCfg = Debug|Any CPU
		{D7DF45A0-3E9D-4F44-8133-7B36B98ABC0D}.Debug|Any CPU.Build.0 = Debug|Any CPU
		{D7DF45A0-3E9D-4F44-8133-7B36B98ABC0D}.Debug|Mixed Platforms.ActiveCfg = Debug|Any CPU
		{D7DF45A0-3E9D-4F44-8133-7B36B98ABC0D}.Debug|Mixed Platforms.Build.0 = Debug|Any CPU
		{D7DF45A0-3E9D-4F44-8133-7B36B98ABC0D}.Debug|x86.ActiveCfg = Debug|Any CPU
		{D7DF45A0-3E9D-4F44-8133-7B36B98ABC0D}.Release|Any CPU.ActiveCfg = Release|Any CPU
		{D7DF45A0-3E9D-4F44-8133-7B36B98ABC0D}.Release|Any CPU.Build.0 = Release|Any CPU
		{D7DF45A0-3E9D-4F44-8133-7B36B98ABC0D}.Release|Mixed Platforms.ActiveCfg = Release|Any CPU
		{D7DF45A0-3E9D-4F44-8133-7B36B98ABC0D}.Release|Mixed Platforms.Build.0 = Release|Any CPU
		{D7DF45A0-3E9D-4F44-8133-7B36B98ABC0D}.Release|x86.ActiveCfg = Release|Any CPU
		{8ECAD83E-A3BA-428C-862D-C4777CA606DE}.Debug|Any CPU.ActiveCfg = Debug|Any CPU
		{8ECAD83E-A3BA-428C-862D-C4777CA606DE}.Debug|Any CPU.Build.0 = Debug|Any CPU
		{8ECAD83E-A3BA-428C-862D-C4777CA606DE}.Debug|Mixed Platforms.ActiveCfg = Debug|Any CPU
		{8ECAD83E-A3BA-428C-862D-C4777CA606DE}.Debug|Mixed Platforms.Build.0 = Debug|Any CPU
		{8ECAD83E-A3BA-428C-862D-C4777CA606DE}.Debug|x86.ActiveCfg = Debug|Any CPU
		{8ECAD83E-A3BA-428C-862D-C4777CA606DE}.Release|Any CPU.ActiveCfg = Release|Any CPU
		{8ECAD83E-A3BA-428C-862D-C4777CA606DE}.Release|Any CPU.Build.0 = Release|Any CPU
		{8ECAD83E-A3BA-428C-862D-C4777CA606DE}.Release|Mixed Platforms.ActiveCfg = Release|Any CPU
		{8ECAD83E-A3BA-428C-862D-C4777CA606DE}.Release|Mixed Platforms.Build.0 = Release|Any CPU
		{8ECAD83E-A3BA-428C-862D-C4777CA606DE}.Release|x86.ActiveCfg = Release|Any CPU
	EndGlobalSection
	GlobalSection(SolutionProperties) = preSolution
		HideSolutionNode = FALSE
	EndGlobalSection
	GlobalSection(ExtensibilityGlobals) = postSolution
		SolutionGuid = {270EE2A3-342B-4BC9-84E8-85937EE650A4}
	EndGlobalSection
EndGlobal
